Microsoft Visual Studio Solution File, Format Version 11.00
# Visual Studio 2008

Project("{A0E8ABBC-5BBC-C971-B809-B199384955AC}") = "RTS_Project", "Assembly-CSharp.csproj", "{C7836D28-47A5-38E3-4D6C-B672A7BE1E89}"
EndProject
Global
	GlobalSection(SolutionConfigurationPlatforms) = preSolution
		Debug|Any CPU = Debug|Any CPU
		Release|Any CPU = Release|Any CPU
	EndGlobalSection
	GlobalSection(ProjectConfigurationPlatforms) = postSolution
		{C7836D28-47A5-38E3-4D6C-B672A7BE1E89}.Debug|Any CPU.ActiveCfg = Debug|Any CPU
		{C7836D28-47A5-38E3-4D6C-B672A7BE1E89}.Debug|Any CPU.Build.0 = Debug|Any CPU
		{C7836D28-47A5-38E3-4D6C-B672A7BE1E89}.Release|Any CPU.ActiveCfg = Release|Any CPU
		{C7836D28-47A5-38E3-4D6C-B672A7BE1E89}.Release|Any CPU.Build.0 = Release|Any CPU
	EndGlobalSection
	GlobalSection(SolutionProperties) = preSolution
		HideSolutionNode = FALSE
	EndGlobalSection
	GlobalSection(MonoDevelopProperties) = preSolution
		StartupItem = Assembly-CSharp.csproj
	EndGlobalSection
EndGlobal
